// !$*UTF8*$!
{
	archiveVersion = 1;
	classes = {
	};
	objectVersion = 50;
	objects = {

/* Begin PBXBuildFile section */
		39FA79E926C524B600A8B5AF /* AppDelegate.swift in Sources */ = {isa = PBXBuildFile; fileRef = 39FA79E826C524B600A8B5AF /* AppDelegate.swift */; };
		39FA79EB26C524B600A8B5AF /* SceneDelegate.swift in Sources */ = {isa = PBXBuildFile; fileRef = 39FA79EA26C524B600A8B5AF /* SceneDelegate.swift */; };
		39FA79ED26C524B600A8B5AF /* ViewController.swift in Sources */ = {isa = PBXBuildFile; fileRef = 39FA79EC26C524B600A8B5AF /* ViewController.swift */; };
		39FA79F026C524B600A8B5AF /* Main.storyboard in Resources */ = {isa = PBXBuildFile; fileRef = 39FA79EE26C524B600A8B5AF /* Main.storyboard */; };
		39FA79F226C524B700A8B5AF /* Assets.xcassets in Resources */ = {isa = PBXBuildFile; fileRef = 39FA79F126C524B700A8B5AF /* Assets.xcassets */; };
		39FA79F526C524B700A8B5AF /* LaunchScreen.storyboard in Resources */ = {isa = PBXBuildFile; fileRef = 39FA79F326C524B700A8B5AF /* LaunchScreen.storyboard */; };
		C2A4EAF3FB33AE52C9F87BF2 /* Pods_JPBaseExtention.framework in Frameworks */ = {isa = PBXBuildFile; fileRef = DF00A0EB2EDEB4943C171C07 /* Pods_JPBaseExtention.framework */; };
/* End PBXBuildFile section */

/* Begin PBXFileReference section */
		39FA79E526C524B600A8B5AF /* JPBaseExtention.app */ = {isa = PBXFileReference; explicitFileType = wrapper.application; includeInIndex = 0; path = JPBaseExtention.app; sourceTree = BUILT_PRODUCTS_DIR; };
		39FA79E826C524B600A8B5AF /* AppDelegate.swift */ = {isa = PBXFileReference; lastKnownFileType = sourcecode.swift; path = AppDelegate.swift; sourceTree = "<group>"; };
		39FA79EA26C524B600A8B5AF /* SceneDelegate.swift */ = {isa = PBXFileReference; lastKnownFileType = sourcecode.swift; path = SceneDelegate.swift; sourceTree = "<group>"; };
		39FA79EC26C524B600A8B5AF /* ViewController.swift */ = {isa = PBXFileReference; lastKnownFileType = sourcecode.swift; path = ViewController.swift; sourceTree = "<group>"; };
		39FA79EF26C524B600A8B5AF /* Base */ = {isa = PBXFileReference; lastKnownFileType = file.storyboard; name = Base; path = Base.lproj/Main.storyboard; sourceTree = "<group>"; };
		39FA79F126C524B700A8B5AF /* Assets.xcassets */ = {isa = PBXFileReference; lastKnownFileType = folder.assetcatalog; path = Assets.xcassets; sourceTree = "<group>"; };
		39FA79F426C524B700A8B5AF /* Base */ = {isa = PBXFileReference; lastKnownFileType = file.storyboard; name = Base; path = Base.lproj/LaunchScreen.storyboard; sourceTree = "<group>"; };
		39FA79F626C524B700A8B5AF /* Info.plist */ = {isa = PBXFileReference; lastKnownFileType = text.plist.xml; path = Info.plist; sourceTree = "<group>"; };
		6FD82B4BD47326171DB3594A /* Pods-JPBaseExtention.debug.xcconfig */ = {isa = PBXFileReference; includeInIndex = 1; lastKnownFileType = text.xcconfig; name = "Pods-JPBaseExtention.debug.xcconfig"; path = "Target Support Files/Pods-JPBaseExtention/Pods-JPBaseExtention.debug.xcconfig"; sourceTree = "<group>"; };
		76925578FCA79F64AA578CAA /* Pods-JPBaseExtention.release.xcconfig */ = {isa = PBXFileReference; includeInIndex = 1; lastKnownFileType = text.xcconfig; name = "Pods-JPBaseExtention.release.xcconfig"; path = "Target Support Files/Pods-JPBaseExtention/Pods-JPBaseExtention.release.xcconfig"; sourceTree = "<group>"; };
		DF00A0EB2EDEB4943C171C07 /* Pods_JPBaseExtention.framework */ = {isa = PBXFileReference; explicitFileType = wrapper.framework; includeInIndex = 0; path = Pods_JPBaseExtention.framework; sourceTree = BUILT_PRODUCTS_DIR; };
/* End PBXFileReference section */

/* Begin PBXFrameworksBuildPhase section */
		39FA79E226C524B600A8B5AF /* Frameworks */ = {
			isa = PBXFrameworksBuildPhase;
			buildActionMask = 2147483647;
			files = (
				C2A4EAF3FB33AE52C9F87BF2 /* Pods_JPBaseExtention.framework in Frameworks */,
			);
			runOnlyForDeploymentPostprocessing = 0;
		};
/* End PBXFrameworksBuildPhase section */

/* Begin PBXGroup section */
		083DB34CD721B71FC461D582 /* Pods */ = {
			isa = PBXGroup;
			children = (
				6FD82B4BD47326171DB3594A /* Pods-JPBaseExtention.debug.xcconfig */,
				76925578FCA79F64AA578CAA /* Pods-JPBaseExtention.release.xcconfig */,
			);
			name = Pods;
			path = Pods;
			sourceTree = "<group>";
		};
		39FA79DC26C524B600A8B5AF = {
			isa = PBXGroup;
			children = (
				39FA79E726C524B600A8B5AF /* JPBaseExtention */,
				39FA79E626C524B600A8B5AF /* Products */,
				083DB34CD721B71FC461D582 /* Pods */,
				E5302CCEE0A9ACD539E2EA00 /* Frameworks */,
			);
			sourceTree = "<group>";
		};
		39FA79E626C524B600A8B5AF /* Products */ = {
			isa = PBXGroup;
			children = (
				39FA79E526C524B600A8B5AF /* JPBaseExtention.app */,
			);
			name = Products;
			sourceTree = "<group>";
		};
		39FA79E726C524B600A8B5AF /* JPBaseExtention */ = {
			isa = PBXGroup;
			children = (
				39FA79E826C524B600A8B5AF /* AppDelegate.swift */,
				39FA79EA26C524B600A8B5AF /* SceneDelegate.swift */,
				39FA79EC26C524B600A8B5AF /* ViewController.swift */,
				39FA79EE26C524B600A8B5AF /* Main.storyboard */,
				39FA79F126C524B700A8B5AF /* Assets.xcassets */,
				39FA79F326C524B700A8B5AF /* LaunchScreen.storyboard */,
				39FA79F626C524B700A8B5AF /* Info.plist */,
			);
			path = JPBaseExtention;
			sourceTree = "<group>";
		};
		E5302CCEE0A9ACD539E2EA00 /* Frameworks */ = {
			isa = PBXGroup;
			children = (
				DF00A0EB2EDEB4943C171C07 /* Pods_JPBaseExtention.framework */,
			);
			name = Frameworks;
			sourceTree = "<group>";
		};
/* End PBXGroup section */

/* Begin PBXNativeTarget section */
		39FA79E426C524B600A8B5AF /* JPBaseExtention */ = {
			isa = PBXNativeTarget;
			buildConfigurationList = 39FA79F926C524B700A8B5AF /* Build configuration list for PBXNativeTarget "JPBaseExtention" */;
			buildPhases = (
				0A2B63ACB8A2EEA803305E99 /* [CP] Check Pods Manifest.lock */,
				39FA79E126C524B600A8B5AF /* Sources */,
				39FA79E226C524B600A8B5AF /* Frameworks */,
				39FA79E326C524B600A8B5AF /* Resources */,
				E64434B1F69AC89460782BCB /* [CP] Embed Pods Frameworks */,
			);
			buildRules = (
			);
			dependencies = (
			);
			name = JPBaseExtention;
			productName = JPBaseExtention;
			productReference = 39FA79E526C524B600A8B5AF /* JPBaseExtention.app */;
			productType = "com.apple.product-type.application";
		};
/* End PBXNativeTarget section */

/* Begin PBXProject section */
		39FA79DD26C524B600A8B5AF /* Project object */ = {
			isa = PBXProject;
			attributes = {
				LastSwiftUpdateCheck = 1250;
				LastUpgradeCheck = 1250;
				TargetAttributes = {
					39FA79E426C524B600A8B5AF = {
						CreatedOnToolsVersion = 12.5;
					};
				};
			};
			buildConfigurationList = 39FA79E026C524B600A8B5AF /* Build configuration list for PBXProject "JPBaseExtention" */;
			compatibilityVersion = "Xcode 9.3";
			developmentRegion = en;
			hasScannedForEncodings = 0;
			knownRegions = (
				en,
				Base,
			);
			mainGroup = 39FA79DC26C524B600A8B5AF;
			productRefGroup = 39FA79E626C524B600A8B5AF /* Products */;
			projectDirPath = "";
			projectRoot = "";
			targets = (
				39FA79E426C524B600A8B5AF /* JPBaseExtention */,
			);
		};
/* End PBXProject section */

/* Begin PBXResourcesBuildPhase section */
		39FA79E326C524B600A8B5AF /* Resources */ = {
			isa = PBXResourcesBuildPhase;
			buildActionMask = 2147483647;
			files = (
				39FA79F526C524B700A8B5AF /* LaunchScreen.storyboard in Resources */,
				39FA79F226C524B700A8B5AF /* Assets.xcassets in Resources */,
				39FA79F026C524B600A8B5AF /* Main.storyboard in Resources */,
			);
			runOnlyForDeploymentPostprocessing = 0;
		};
/* End PBXResourcesBuildPhase section */

/* Begin PBXShellScriptBuildPhase section */
		0A2B63ACB8A2EEA803305E99 /* [CP] Check Pods Manifest.lock */ = {
			isa = PBXShellScriptBuildPhase;
			buildActionMask = 2147483647;
			files = (
			);
			inputFileListPaths = (
			);
			inputPaths = (
				"${PODS_PODFILE_DIR_PATH}/Podfile.lock",
				"${PODS_ROOT}/Manifest.lock",
			);
			name = "[CP] Check Pods Manifest.lock";
			outputFileListPaths = (
			);
			outputPaths = (
				"$(DERIVED_FILE_DIR)/Pods-JPBaseExtention-checkManifestLockResult.txt",
			);
			runOnlyForDeploymentPostprocessing = 0;
			shellPath = /bin/sh;
			shellScript = "diff \"${PODS_PODFILE_DIR_PATH}/Podfile.lock\" \"${PODS_ROOT}/Manifest.lock\" > /dev/null\nif [ $? != 0 ] ; then\n    # print error to STDERR\n    echo \"error: The sandbox is not in sync with the Podfile.lock. Run 'pod install' or update your CocoaPods installation.\" >&2\n    exit 1\nfi\n# This output is used by Xcode 'outputs' to avoid re-running this script phase.\necho \"SUCCESS\" > \"${SCRIPT_OUTPUT_FILE_0}\"\n";
			showEnvVarsInLog = 0;
		};
		E64434B1F69AC89460782BCB /* [CP] Embed Pods Frameworks */ = {
			isa = PBXShellScriptBuildPhase;
			buildActionMask = 2147483647;
			files = (
			);
			inputFileListPaths = (
				"${PODS_ROOT}/Target Support Files/Pods-JPBaseExtention/Pods-JPBaseExtention-frameworks-${CONFIGURATION}-input-files.xcfilelist",
			);
			name = "[CP] Embed Pods Frameworks";
			outputFileListPaths = (
				"${PODS_ROOT}/Target Support Files/Pods-JPBaseExtention/Pods-JPBaseExtention-frameworks-${CONFIGURATION}-output-files.xcfilelist",
			);
			runOnlyForDeploymentPostprocessing = 0;
			shellPath = /bin/sh;
			shellScript = "\"${PODS_ROOT}/Target Support Files/Pods-JPBaseExtention/Pods-JPBaseExtention-frameworks.sh\"\n";
			showEnvVarsInLog = 0;
		};
/* End PBXShellScriptBuildPhase section */

/* Begin PBXSourcesBuildPhase section */
		39FA79E126C524B600A8B5AF /* Sources */ = {
			isa = PBXSourcesBuildPhase;
			buildActionMask = 2147483647;
			files = (
				39FA79ED26C524B600A8B5AF /* ViewController.swift in Sources */,
				39FA79E926C524B600A8B5AF /* AppDelegate.swift in Sources */,
				39FA79EB26C524B600A8B5AF /* SceneDelegate.swift in Sources */,
			);
			runOnlyForDeploymentPostprocessing = 0;
		};
/* End PBXSourcesBuildPhase section */

/* Begin PBXVariantGroup section */
		39FA79EE26C524B600A8B5AF /* Main.storyboard */ = {
			isa = PBXVariantGroup;
			children = (
				39FA79EF26C524B600A8B5AF /* Base */,
			);
			name = Main.storyboard;
			sourceTree = "<group>";
		};
		39FA79F326C524B700A8B5AF /* LaunchScreen.storyboard */ = {
			isa = PBXVariantGroup;
			children = (
				39FA79F426C524B700A8B5AF /* Base */,
			);
			name = LaunchScreen.storyboard;
			sourceTree = "<group>";
		};
/* End PBXVariantGroup section */

/* Begin XCBuildConfiguration section */
		39FA79F726C524B700A8B5AF /* Debug */ = {
			isa = XCBuildConfiguration;
			buildSettings = {
				ALWAYS_SEARCH_USER_PATHS = NO;
				CLANG_ANALYZER_NONNULL = YES;
				CLANG_ANALYZER_NUMBER_OBJECT_CONVERSION = YES_AGGRESSIVE;
				CLANG_CXX_LANGUAGE_STANDARD = "gnu++14";
				CLANG_CXX_LIBRARY = "libc++";
				CLANG_ENABLE_MODULES = YES;
				CLANG_ENABLE_OBJC_ARC = YES;
				CLANG_ENABLE_OBJC_WEAK = YES;
				CLANG_WARN_BLOCK_CAPTURE_AUTORELEASING = YES;
				CLANG_WARN_BOOL_CONVERSION = YES;
				CLANG_WARN_COMMA = YES;
				CLANG_WARN_CONSTANT_CONVERSION = YES;
				CLANG_WARN_DEPRECATED_OBJC_IMPLEMENTATIONS = YES;
				CLANG_WARN_DIRECT_OBJC_ISA_USAGE = YES_ERROR;
				CLANG_WARN_DOCUMENTATION_COMMENTS = YES;
				CLANG_WARN_EMPTY_BODY = YES;
				CLANG_WARN_ENUM_CONVERSION = YES;
				CLANG_WARN_INFINITE_RECURSION = YES;
				CLANG_WARN_INT_CONVERSION = YES;
				CLANG_WARN_NON_LITERAL_NULL_CONVERSION = YES;
				CLANG_WARN_OBJC_IMPLICIT_RETAIN_SELF = YES;
				CLANG_WARN_OBJC_LITERAL_CONVERSION = YES;
				CLANG_WARN_OBJC_ROOT_CLASS = YES_ERROR;
				CLANG_WARN_QUOTED_INCLUDE_IN_FRAMEWORK_HEADER = YES;
				CLANG_WARN_RANGE_LOOP_ANALYSIS = YES;
				CLANG_WARN_STRICT_PROTOTYPES = YES;
				CLANG_WARN_SUSPICIOUS_MOVE = YES;
				CLANG_WARN_UNGUARDED_AVAILABILITY = YES_AGGRESSIVE;
				CLANG_WARN_UNREACHABLE_CODE = YES;
				CLANG_WARN__DUPLICATE_METHOD_MATCH = YES;
				COPY_PHASE_STRIP = NO;
				DEBUG_INFORMATION_FORMAT = dwarf;
				ENABLE_STRICT_OBJC_MSGSEND = YES;
				ENABLE_TESTABILITY = YES;
				GCC_C_LANGUAGE_STANDARD = gnu11;
				GCC_DYNAMIC_NO_PIC = NO;
				GCC_NO_COMMON_BLOCKS = YES;
				GCC_OPTIMIZATION_LEVEL = 0;
				GCC_PREPROCESSOR_DEFINITIONS = (
					"DEBUG=1",
					"$(inherited)",
				);
				GCC_WARN_64_TO_32_BIT_CONVERSION = YES;
				GCC_WARN_ABOUT_RETURN_TYPE = YES_ERROR;
				GCC_WARN_UNDECLARED_SELECTOR = YES;
				GCC_WARN_UNINITIALIZED_AUTOS = YES_AGGRESSIVE;
				GCC_WARN_UNUSED_FUNCTION = YES;
				GCC_WARN_UNUSED_VARIABLE = YES;
				IPHONEOS_DEPLOYMENT_TARGET = 14.5;
				MTL_ENABLE_DEBUG_INFO = INCLUDE_SOURCE;
				MTL_FAST_MATH = YES;
				ONLY_ACTIVE_ARCH = YES;
				SDKROOT = iphoneos;
				SWIFT_ACTIVE_COMPILATION_CONDITIONS = DEBUG;
				SWIFT_OPTIMIZATION_LEVEL = "-Onone";
			};
			name = Debug;
		};
		39FA79F826C524B700A8B5AF /* Release */ = {
			isa = XCBuildConfiguration;
			buildSettings = {
				ALWAYS_SEARCH_USER_PATHS = NO;
				CLANG_ANALYZER_NONNULL = YES;
				CLANG_ANALYZER_NUMBER_OBJECT_CONVERSION = YES_AGGRESSIVE;
				CLANG_CXX_LANGUAGE_STANDARD = "gnu++14";
				CLANG_CXX_LIBRARY = "libc++";
				CLANG_ENABLE_MODULES = YES;
				CLANG_ENABLE_OBJC_ARC = YES;
				CLANG_ENABLE_OBJC_WEAK = YES;
				CLANG_WARN_BLOCK_CAPTURE_AUTORELEASING = YES;
				CLANG_WARN_BOOL_CONVERSION = YES;
				CLANG_WARN_COMMA = YES;
				CLANG_WARN_CONSTANT_CONVERSION = YES;
				CLANG_WARN_DEPRECATED_OBJC_IMPLEMENTATIONS = YES;
				CLANG_WARN_DIRECT_OBJC_ISA_USAGE = YES_ERROR;
				CLANG_WARN_DOCUMENTATION_COMMENTS = YES;
				CLANG_WARN_EMPTY_BODY = YES;
				CLANG_WARN_ENUM_CONVERSION = YES;
				CLANG_WARN_INFINITE_RECURSION = YES;
				CLANG_WARN_INT_CONVERSION = YES;
				CLANG_WARN_NON_LITERAL_NULL_CONVERSION = YES;
				CLANG_WARN_OBJC_IMPLICIT_RETAIN_SELF = YES;
				CLANG_WARN_OBJC_LITERAL_CONVERSION = YES;
				CLANG_WARN_OBJC_ROOT_CLASS = YES_ERROR;
				CLANG_WARN_QUOTED_INCLUDE_IN_FRAMEWORK_HEADER = YES;
				CLANG_WARN_RANGE_LOOP_ANALYSIS = YES;
				CLANG_WARN_STRICT_PROTOTYPES = YES;
				CLANG_WARN_SUSPICIOUS_MOVE = YES;
				CLANG_WARN_UNGUARDED_AVAILABILITY = YES_AGGRESSIVE;
				CLANG_WARN_UNREACHABLE_CODE = YES;
				CLANG_WARN__DUPLICATE_METHOD_MATCH = YES;
				COPY_PHASE_STRIP = NO;
				DEBUG_INFORMATION_FORMAT = "dwarf-with-dsym";
				ENABLE_NS_ASSERTIONS = NO;
				ENABLE_STRICT_OBJC_MSGSEND = YES;
				GCC_C_LANGUAGE_STANDARD = gnu11;
				GCC_NO_COMMON_BLOCKS = YES;
				GCC_WARN_64_TO_32_BIT_CONVERSION = YES;
				GCC_WARN_ABOUT_RETURN_TYPE = YES_ERROR;
				GCC_WARN_UNDECLARED_SELECTOR = YES;
				GCC_WARN_UNINITIALIZED_AUTOS = YES_AGGRESSIVE;
				GCC_WARN_UNUSED_FUNCTION = YES;
				GCC_WARN_UNUSED_VARIABLE = YES;
				IPHONEOS_DEPLOYMENT_TARGET = 14.5;
				MTL_ENABLE_DEBUG_INFO = NO;
				MTL_FAST_MATH = YES;
				SDKROOT = iphoneos;
				SWIFT_COMPILATION_MODE = wholemodule;
				SWIFT_OPTIMIZATION_LEVEL = "-O";
				VALIDATE_PRODUCT = YES;
			};
			name = Release;
		};
		39FA79FA26C524B700A8B5AF /* Debug */ = {
			isa = XCBuildConfiguration;
			baseConfigurationReference = 6FD82B4BD47326171DB3594A /* Pods-JPBaseExtention.debug.xcconfig */;
			buildSettings = {
				ASSETCATALOG_COMPILER_APPICON_NAME = AppIcon;
				ASSETCATALOG_COMPILER_GLOBAL_ACCENT_COLOR_NAME = AccentColor;
				CODE_SIGN_STYLE = Automatic;
				DEVELOPMENT_TEAM = 7MGWB79Z83;
				INFOPLIST_FILE = JPBaseExtention/Info.plist;
				LD_RUNPATH_SEARCH_PATHS = (
					"$(inherited)",
					"@executable_path/Frameworks",
				);
				PRODUCT_BUNDLE_IDENTIFIER = TXY.JPBaseExtention;
				PRODUCT_NAME = "$(TARGET_NAME)";
				SWIFT_VERSION = 5.0;
				TARGETED_DEVICE_FAMILY = "1,2";
			};
			name = Debug;
		};
		39FA79FB26C524B700A8B5AF /* Release */ = {
			isa = XCBuildConfiguration;
			baseConfigurationReference = 76925578FCA79F64AA578CAA /* Pods-JPBaseExtention.release.xcconfig */;
			buildSettings = {
				ASSETCATALOG_COMPILER_APPICON_NAME = AppIcon;
				ASSETCATALOG_COMPILER_GLOBAL_ACCENT_COLOR_NAME = AccentColor;
				CODE_SIGN_STYLE = Automatic;
				DEVELOPMENT_TEAM = 7MGWB79Z83;
				INFOPLIST_FILE = JPBaseExtention/Info.plist;
				LD_RUNPATH_SEARCH_PATHS = (
					"$(inherited)",
					"@executable_path/Frameworks",
				);
				PRODUCT_BUNDLE_IDENTIFIER = TXY.JPBaseExtention;
				PRODUCT_NAME = "$(TARGET_NAME)";
				SWIFT_VERSION = 5.0;
				TARGETED_DEVICE_FAMILY = "1,2";
			};
			name = Release;
		};
/* End XCBuildConfiguration section */

/* Begin XCConfigurationList section */
		39FA79E026C524B600A8B5AF /* Build configuration list for PBXProject "JPBaseExtention" */ = {
			isa = XCConfigurationList;
			buildConfigurations = (
				39FA79F726C524B700A8B5AF /* Debug */,
				39FA79F826C524B700A8B5AF /* Release */,
			);
			defaultConfigurationIsVisible = 0;
			defaultConfigurationName = Release;
		};
		39FA79F926C524B700A8B5AF /* Build configuration list for PBXNativeTarget "JPBaseExtention" */ = {
			isa = XCConfigurationList;
			buildConfigurations = (
				39FA79FA26C524B700A8B5AF /* Debug */,
				39FA79FB26C524B700A8B5AF /* Release */,
			);
			defaultConfigurationIsVisible = 0;
			defaultConfigurationName = Release;
		};
/* End XCConfigurationList section */
	};
	rootObject = 39FA79DD26C524B600A8B5AF /* Project object */;
}
